{
    "version": 3,
    "terraform_version": "0.8.2",
    "serial": 0,
    "lineage": "5832f0ef-a2a7-4049-aea2-308b7d76b874",
    "modules": [
        {
            "path": [
                "root"
            ],
            "outputs": {},
            "resources": {
                "aws_vpc.myapp": {
                    "type": "aws_vpc",
                    "depends_on": [],
                    "primary": {
                        "id": "vpc-7f7dce19",
                        "attributes": {
                            "cidr_block": "10.100.0.0/16",
                            "default_network_acl_id": "acl-bae09bdc",
                            "default_route_table_id": "rtb-5a2ade23",
                            "default_security_group_id": "sg-266f995a",
                            "dhcp_options_id": "dopt-ca7840a4",
                            "enable_classiclink": "false",
                            "enable_dns_hostnames": "false",
                            "enable_dns_support": "true",
                            "id": "vpc-7f7dce19",
                            "instance_tenancy": "default",
                            "main_route_table_id": "rtb-5a2ade23",
                            "tags.%": "0"
                        },
                        "meta": {},
                        "tainted": false
                    },
                    "deposed": [],
                    "provider": ""
                }
            },
            "depends_on": []
        }
    ]
}
